// !$*UTF8*$!
{
	archiveVersion = 1;
	classes = {
	};
	objectVersion = 50;
	objects = {

/* Begin PBXBuildFile section */
		B0360549214F4B4A0034CC09 /* PullListTableView.m in Sources */ = {isa = PBXBuildFile; fileRef = B0360548214F4B4A0034CC09 /* PullListTableView.m */; };
		B036054C214F72570034CC09 /* CommenModel.m in Sources */ = {isa = PBXBuildFile; fileRef = B036054B214F72570034CC09 /* CommenModel.m */; };
		B036054F214F75840034CC09 /* MainContentCell.m in Sources */ = {isa = PBXBuildFile; fileRef = B036054E214F75840034CC09 /* MainContentCell.m */; };
		B0360552214F75960034CC09 /* OpinionCell.m in Sources */ = {isa = PBXBuildFile; fileRef = B0360551214F75960034CC09 /* OpinionCell.m */; };
		B0360555214F78510034CC09 /* OpinionModel.m in Sources */ = {isa = PBXBuildFile; fileRef = B0360554214F78510034CC09 /* OpinionModel.m */; };
		B04C5AB9214B503500EE2A5E /* AppDelegate.m in Sources */ = {isa = PBXBuildFile; fileRef = B04C5AB8214B503500EE2A5E /* AppDelegate.m */; };
		B04C5ABC214B503500EE2A5E /* ViewController.m in Sources */ = {isa = PBXBuildFile; fileRef = B04C5ABB214B503500EE2A5E /* ViewController.m */; };
		B04C5ABF214B503500EE2A5E /* Main.storyboard in Resources */ = {isa = PBXBuildFile; fileRef = B04C5ABD214B503500EE2A5E /* Main.storyboard */; };
		B04C5AC1214B503700EE2A5E /* Assets.xcassets in Resources */ = {isa = PBXBuildFile; fileRef = B04C5AC0214B503700EE2A5E /* Assets.xcassets */; };
		B04C5AC4214B503700EE2A5E /* LaunchScreen.storyboard in Resources */ = {isa = PBXBuildFile; fileRef = B04C5AC2214B503700EE2A5E /* LaunchScreen.storyboard */; };
		B04C5AC7214B503700EE2A5E /* main.m in Sources */ = {isa = PBXBuildFile; fileRef = B04C5AC6214B503700EE2A5E /* main.m */; };
		B04C5AD1214B503700EE2A5E /* TableViewInCellTests.m in Sources */ = {isa = PBXBuildFile; fileRef = B04C5AD0214B503700EE2A5E /* TableViewInCellTests.m */; };
		B04C5ADC214B503700EE2A5E /* TableViewInCellUITests.m in Sources */ = {isa = PBXBuildFile; fileRef = B04C5ADB214B503700EE2A5E /* TableViewInCellUITests.m */; };
		B073279C21508E5800D74DFA /* testData.json in Resources */ = {isa = PBXBuildFile; fileRef = B073279B21508E5800D74DFA /* testData.json */; };
		B07327A421509A0400D74DFA /* opinionData.json in Resources */ = {isa = PBXBuildFile; fileRef = B07327A321509A0400D74DFA /* opinionData.json */; };
		B0AEE274238F743100160D8E /* AnotherMainContentCell.m in Sources */ = {isa = PBXBuildFile; fileRef = B0AEE273238F743100160D8E /* AnotherMainContentCell.m */; };
		B0AEE279238F74CA00160D8E /* InnerTableFixedViewController.m in Sources */ = {isa = PBXBuildFile; fileRef = B0AEE276238F74CA00160D8E /* InnerTableFixedViewController.m */; };
		B0AEE27A238F74CA00160D8E /* InnerTableCanScrollViewController.m in Sources */ = {isa = PBXBuildFile; fileRef = B0AEE277238F74CA00160D8E /* InnerTableCanScrollViewController.m */; };
		D3C74ED42447D856FCB232BB /* libPods-TableViewInCell.a in Frameworks */ = {isa = PBXBuildFile; fileRef = E1E0F4D5E33DB053B7A02D7D /* libPods-TableViewInCell.a */; };
/* End PBXBuildFile section */

/* Begin PBXContainerItemProxy section */
		B04C5ACD214B503700EE2A5E /* PBXContainerItemProxy */ = {
			isa = PBXContainerItemProxy;
			containerPortal = B04C5AAC214B503500EE2A5E /* Project object */;
			proxyType = 1;
			remoteGlobalIDString = B04C5AB3214B503500EE2A5E;
			remoteInfo = TableViewInCell;
		};
		B04C5AD8214B503700EE2A5E /* PBXContainerItemProxy */ = {
			isa = PBXContainerItemProxy;
			containerPortal = B04C5AAC214B503500EE2A5E /* Project object */;
			proxyType = 1;
			remoteGlobalIDString = B04C5AB3214B503500EE2A5E;
			remoteInfo = TableViewInCell;
		};
/* End PBXContainerItemProxy section */

/* Begin PBXFileReference section */
		5643CC2CB91A45F366702CE0 /* Pods-TableViewInCell.debug.xcconfig */ = {isa = PBXFileReference; includeInIndex = 1; lastKnownFileType = text.xcconfig; name = "Pods-TableViewInCell.debug.xcconfig"; path = "Pods/Target Support Files/Pods-TableViewInCell/Pods-TableViewInCell.debug.xcconfig"; sourceTree = "<group>"; };
		565D031BF1DE2401D8195FE4 /* Pods-TableViewInCell.release.xcconfig */ = {isa = PBXFileReference; includeInIndex = 1; lastKnownFileType = text.xcconfig; name = "Pods-TableViewInCell.release.xcconfig"; path = "Pods/Target Support Files/Pods-TableViewInCell/Pods-TableViewInCell.release.xcconfig"; sourceTree = "<group>"; };
		B0360547214F4B4A0034CC09 /* PullListTableView.h */ = {isa = PBXFileReference; lastKnownFileType = sourcecode.c.h; path = PullListTableView.h; sourceTree = "<group>"; };
		B0360548214F4B4A0034CC09 /* PullListTableView.m */ = {isa = PBXFileReference; lastKnownFileType = sourcecode.c.objc; path = PullListTableView.m; sourceTree = "<group>"; };
		B036054A214F72570034CC09 /* CommenModel.h */ = {isa = PBXFileReference; lastKnownFileType = sourcecode.c.h; path = CommenModel.h; sourceTree = "<group>"; };
		B036054B214F72570034CC09 /* CommenModel.m */ = {isa = PBXFileReference; lastKnownFileType = sourcecode.c.objc; path = CommenModel.m; sourceTree = "<group>"; };
		B036054D214F75840034CC09 /* MainContentCell.h */ = {isa = PBXFileReference; lastKnownFileType = sourcecode.c.h; path = MainContentCell.h; sourceTree = "<group>"; };
		B036054E214F75840034CC09 /* MainContentCell.m */ = {isa = PBXFileReference; lastKnownFileType = sourcecode.c.objc; path = MainContentCell.m; sourceTree = "<group>"; };
		B0360550214F75960034CC09 /* OpinionCell.h */ = {isa = PBXFileReference; lastKnownFileType = sourcecode.c.h; path = OpinionCell.h; sourceTree = "<group>"; };
		B0360551214F75960034CC09 /* OpinionCell.m */ = {isa = PBXFileReference; lastKnownFileType = sourcecode.c.objc; path = OpinionCell.m; sourceTree = "<group>"; };
		B0360553214F78510034CC09 /* OpinionModel.h */ = {isa = PBXFileReference; lastKnownFileType = sourcecode.c.h; path = OpinionModel.h; sourceTree = "<group>"; };
		B0360554214F78510034CC09 /* OpinionModel.m */ = {isa = PBXFileReference; lastKnownFileType = sourcecode.c.objc; path = OpinionModel.m; sourceTree = "<group>"; };
		B04C5AB4214B503500EE2A5E /* TableViewInCell.app */ = {isa = PBXFileReference; explicitFileType = wrapper.application; includeInIndex = 0; path = TableViewInCell.app; sourceTree = BUILT_PRODUCTS_DIR; };
		B04C5AB7214B503500EE2A5E /* AppDelegate.h */ = {isa = PBXFileReference; lastKnownFileType = sourcecode.c.h; path = AppDelegate.h; sourceTree = "<group>"; };
		B04C5AB8214B503500EE2A5E /* AppDelegate.m */ = {isa = PBXFileReference; lastKnownFileType = sourcecode.c.objc; path = AppDelegate.m; sourceTree = "<group>"; };
		B04C5ABA214B503500EE2A5E /* ViewController.h */ = {isa = PBXFileReference; lastKnownFileType = sourcecode.c.h; path = ViewController.h; sourceTree = "<group>"; };
		B04C5ABB214B503500EE2A5E /* ViewController.m */ = {isa = PBXFileReference; lastKnownFileType = sourcecode.c.objc; path = ViewController.m; sourceTree = "<group>"; };
		B04C5ABE214B503500EE2A5E /* Base */ = {isa = PBXFileReference; lastKnownFileType = file.storyboard; name = Base; path = Base.lproj/Main.storyboard; sourceTree = "<group>"; };
		B04C5AC0214B503700EE2A5E /* Assets.xcassets */ = {isa = PBXFileReference; lastKnownFileType = folder.assetcatalog; path = Assets.xcassets; sourceTree = "<group>"; };
		B04C5AC3214B503700EE2A5E /* Base */ = {isa = PBXFileReference; lastKnownFileType = file.storyboard; name = Base; path = Base.lproj/LaunchScreen.storyboard; sourceTree = "<group>"; };
		B04C5AC5214B503700EE2A5E /* Info.plist */ = {isa = PBXFileReference; lastKnownFileType = text.plist.xml; path = Info.plist; sourceTree = "<group>"; };
		B04C5AC6214B503700EE2A5E /* main.m */ = {isa = PBXFileReference; lastKnownFileType = sourcecode.c.objc; path = main.m; sourceTree = "<group>"; };
		B04C5ACC214B503700EE2A5E /* TableViewInCellTests.xctest */ = {isa = PBXFileReference; explicitFileType = wrapper.cfbundle; includeInIndex = 0; path = TableViewInCellTests.xctest; sourceTree = BUILT_PRODUCTS_DIR; };
		B04C5AD0214B503700EE2A5E /* TableViewInCellTests.m */ = {isa = PBXFileReference; lastKnownFileType = sourcecode.c.objc; path = TableViewInCellTests.m; sourceTree = "<group>"; };
		B04C5AD2214B503700EE2A5E /* Info.plist */ = {isa = PBXFileReference; lastKnownFileType = text.plist.xml; path = Info.plist; sourceTree = "<group>"; };
		B04C5AD7214B503700EE2A5E /* TableViewInCellUITests.xctest */ = {isa = PBXFileReference; explicitFileType = wrapper.cfbundle; includeInIndex = 0; path = TableViewInCellUITests.xctest; sourceTree = BUILT_PRODUCTS_DIR; };
		B04C5ADB214B503700EE2A5E /* TableViewInCellUITests.m */ = {isa = PBXFileReference; lastKnownFileType = sourcecode.c.objc; path = TableViewInCellUITests.m; sourceTree = "<group>"; };
		B04C5ADD214B503700EE2A5E /* Info.plist */ = {isa = PBXFileReference; lastKnownFileType = text.plist.xml; path = Info.plist; sourceTree = "<group>"; };
		B058F284214B8D3E00D65857 /* TableViewInCell-PrefixHeader.pch */ = {isa = PBXFileReference; lastKnownFileType = sourcecode.c.h; path = "TableViewInCell-PrefixHeader.pch"; sourceTree = "<group>"; };
		B073279B21508E5800D74DFA /* testData.json */ = {isa = PBXFileReference; lastKnownFileType = text.json; path = testData.json; sourceTree = "<group>"; };
		B07327A321509A0400D74DFA /* opinionData.json */ = {isa = PBXFileReference; lastKnownFileType = text.json; path = opinionData.json; sourceTree = "<group>"; };
		B0AEE272238F743100160D8E /* AnotherMainContentCell.h */ = {isa = PBXFileReference; fileEncoding = 4; lastKnownFileType = sourcecode.c.h; path = AnotherMainContentCell.h; sourceTree = "<group>"; };
		B0AEE273238F743100160D8E /* AnotherMainContentCell.m */ = {isa = PBXFileReference; fileEncoding = 4; lastKnownFileType = sourcecode.c.objc; path = AnotherMainContentCell.m; sourceTree = "<group>"; };
		B0AEE275238F74CA00160D8E /* InnerTableCanScrollViewController.h */ = {isa = PBXFileReference; fileEncoding = 4; lastKnownFileType = sourcecode.c.h; path = InnerTableCanScrollViewController.h; sourceTree = "<group>"; };
		B0AEE276238F74CA00160D8E /* InnerTableFixedViewController.m */ = {isa = PBXFileReference; fileEncoding = 4; lastKnownFileType = sourcecode.c.objc; path = InnerTableFixedViewController.m; sourceTree = "<group>"; };
		B0AEE277238F74CA00160D8E /* InnerTableCanScrollViewController.m */ = {isa = PBXFileReference; fileEncoding = 4; lastKnownFileType = sourcecode.c.objc; path = InnerTableCanScrollViewController.m; sourceTree = "<group>"; };
		B0AEE278238F74CA00160D8E /* InnerTableFixedViewController.h */ = {isa = PBXFileReference; fileEncoding = 4; lastKnownFileType = sourcecode.c.h; path = InnerTableFixedViewController.h; sourceTree = "<group>"; };
		E1E0F4D5E33DB053B7A02D7D /* libPods-TableViewInCell.a */ = {isa = PBXFileReference; explicitFileType = archive.ar; includeInIndex = 0; path = "libPods-TableViewInCell.a"; sourceTree = BUILT_PRODUCTS_DIR; };
/* End PBXFileReference section */

/* Begin PBXFrameworksBuildPhase section */
		B04C5AB1214B503500EE2A5E /* Frameworks */ = {
			isa = PBXFrameworksBuildPhase;
			buildActionMask = 2147483647;
			files = (
				D3C74ED42447D856FCB232BB /* libPods-TableViewInCell.a in Frameworks */,
			);
			runOnlyForDeploymentPostprocessing = 0;
		};
		B04C5AC9214B503700EE2A5E /* Frameworks */ = {
			isa = PBXFrameworksBuildPhase;
			buildActionMask = 2147483647;
			files = (
			);
			runOnlyForDeploymentPostprocessing = 0;
		};
		B04C5AD4214B503700EE2A5E /* Frameworks */ = {
			isa = PBXFrameworksBuildPhase;
			buildActionMask = 2147483647;
			files = (
			);
			runOnlyForDeploymentPostprocessing = 0;
		};
/* End PBXFrameworksBuildPhase section */

/* Begin PBXGroup section */
		2624C6D46C06BF8AEE83D45E /* Frameworks */ = {
			isa = PBXGroup;
			children = (
				E1E0F4D5E33DB053B7A02D7D /* libPods-TableViewInCell.a */,
			);
			name = Frameworks;
			sourceTree = "<group>";
		};
		B0360545214F4B280034CC09 /* model */ = {
			isa = PBXGroup;
			children = (
				B036054A214F72570034CC09 /* CommenModel.h */,
				B036054B214F72570034CC09 /* CommenModel.m */,
				B0360553214F78510034CC09 /* OpinionModel.h */,
				B0360554214F78510034CC09 /* OpinionModel.m */,
			);
			path = model;
			sourceTree = "<group>";
		};
		B0360546214F4B280034CC09 /* view */ = {
			isa = PBXGroup;
			children = (
				B0360547214F4B4A0034CC09 /* PullListTableView.h */,
				B0360548214F4B4A0034CC09 /* PullListTableView.m */,
				B0AEE272238F743100160D8E /* AnotherMainContentCell.h */,
				B0AEE273238F743100160D8E /* AnotherMainContentCell.m */,
				B036054D214F75840034CC09 /* MainContentCell.h */,
				B036054E214F75840034CC09 /* MainContentCell.m */,
				B0360550214F75960034CC09 /* OpinionCell.h */,
				B0360551214F75960034CC09 /* OpinionCell.m */,
			);
			path = view;
			sourceTree = "<group>";
		};
		B04C5AAB214B503500EE2A5E = {
			isa = PBXGroup;
			children = (
				B04C5AB6214B503500EE2A5E /* TableViewInCell */,
				B04C5ACF214B503700EE2A5E /* TableViewInCellTests */,
				B04C5ADA214B503700EE2A5E /* TableViewInCellUITests */,
				B058F283214B8D1D00D65857 /* SupportingFiles */,
				B04C5AB5214B503500EE2A5E /* Products */,
				D3454F3B58D32D0A4100A542 /* Pods */,
				2624C6D46C06BF8AEE83D45E /* Frameworks */,
			);
			sourceTree = "<group>";
		};
		B04C5AB5214B503500EE2A5E /* Products */ = {
			isa = PBXGroup;
			children = (
				B04C5AB4214B503500EE2A5E /* TableViewInCell.app */,
				B04C5ACC214B503700EE2A5E /* TableViewInCellTests.xctest */,
				B04C5AD7214B503700EE2A5E /* TableViewInCellUITests.xctest */,
			);
			name = Products;
			sourceTree = "<group>";
		};
		B04C5AB6214B503500EE2A5E /* TableViewInCell */ = {
			isa = PBXGroup;
			children = (
				B0360545214F4B280034CC09 /* model */,
				B0360546214F4B280034CC09 /* view */,
				B04C5AB7214B503500EE2A5E /* AppDelegate.h */,
				B04C5AB8214B503500EE2A5E /* AppDelegate.m */,
				B04C5ABA214B503500EE2A5E /* ViewController.h */,
				B04C5ABB214B503500EE2A5E /* ViewController.m */,
				B0AEE275238F74CA00160D8E /* InnerTableCanScrollViewController.h */,
				B0AEE277238F74CA00160D8E /* InnerTableCanScrollViewController.m */,
				B0AEE278238F74CA00160D8E /* InnerTableFixedViewController.h */,
				B0AEE276238F74CA00160D8E /* InnerTableFixedViewController.m */,
				B04C5ABD214B503500EE2A5E /* Main.storyboard */,
				B04C5AC0214B503700EE2A5E /* Assets.xcassets */,
				B04C5AC2214B503700EE2A5E /* LaunchScreen.storyboard */,
				B04C5AC5214B503700EE2A5E /* Info.plist */,
				B04C5AC6214B503700EE2A5E /* main.m */,
				B073279B21508E5800D74DFA /* testData.json */,
				B07327A321509A0400D74DFA /* opinionData.json */,
			);
			path = TableViewInCell;
			sourceTree = "<group>";
		};
		B04C5ACF214B503700EE2A5E /* TableViewInCellTests */ = {
			isa = PBXGroup;
			children = (
				B04C5AD0214B503700EE2A5E /* TableViewInCellTests.m */,
				B04C5AD2214B503700EE2A5E /* Info.plist */,
			);
			path = TableViewInCellTests;
			sourceTree = "<group>";
		};
		B04C5ADA214B503700EE2A5E /* TableViewInCellUITests */ = {
			isa = PBXGroup;
			children = (
				B04C5ADB214B503700EE2A5E /* TableViewInCellUITests.m */,
				B04C5ADD214B503700EE2A5E /* Info.plist */,
			);
			path = TableViewInCellUITests;
			sourceTree = "<group>";
		};
		B058F283214B8D1D00D65857 /* SupportingFiles */ = {
			isa = PBXGroup;
			children = (
				B058F284214B8D3E00D65857 /* TableViewInCell-PrefixHeader.pch */,
			);
			path = SupportingFiles;
			sourceTree = "<group>";
		};
		D3454F3B58D32D0A4100A542 /* Pods */ = {
			isa = PBXGroup;
			children = (
				5643CC2CB91A45F366702CE0 /* Pods-TableViewInCell.debug.xcconfig */,
				565D031BF1DE2401D8195FE4 /* Pods-TableViewInCell.release.xcconfig */,
			);
			name = Pods;
			sourceTree = "<group>";
		};
/* End PBXGroup section */

/* Begin PBXNativeTarget section */
		B04C5AB3214B503500EE2A5E /* TableViewInCell */ = {
			isa = PBXNativeTarget;
			buildConfigurationList = B04C5AE0214B503700EE2A5E /* Build configuration list for PBXNativeTarget "TableViewInCell" */;
			buildPhases = (
				97CF5A2C067F217E993F9892 /* [CP] Check Pods Manifest.lock */,
				B04C5AB0214B503500EE2A5E /* Sources */,
				B04C5AB1214B503500EE2A5E /* Frameworks */,
				B04C5AB2214B503500EE2A5E /* Resources */,
				AD206C6DBF87A179610A023F /* [CP] Copy Pods Resources */,
			);
			buildRules = (
			);
			dependencies = (
			);
			name = TableViewInCell;
			productName = TableViewInCell;
			productReference = B04C5AB4214B503500EE2A5E /* TableViewInCell.app */;
			productType = "com.apple.product-type.application";
		};
		B04C5ACB214B503700EE2A5E /* TableViewInCellTests */ = {
			isa = PBXNativeTarget;
			buildConfigurationList = B04C5AE3214B503700EE2A5E /* Build configuration list for PBXNativeTarget "TableViewInCellTests" */;
			buildPhases = (
				B04C5AC8214B503700EE2A5E /* Sources */,
				B04C5AC9214B503700EE2A5E /* Frameworks */,
				B04C5ACA214B503700EE2A5E /* Resources */,
			);
			buildRules = (
			);
			dependencies = (
				B04C5ACE214B503700EE2A5E /* PBXTargetDependency */,
			);
			name = TableViewInCellTests;
			productName = TableViewInCellTests;
			productReference = B04C5ACC214B503700EE2A5E /* TableViewInCellTests.xctest */;
			productType = "com.apple.product-type.bundle.unit-test";
		};
		B04C5AD6214B503700EE2A5E /* TableViewInCellUITests */ = {
			isa = PBXNativeTarget;
			buildConfigurationList = B04C5AE6214B503700EE2A5E /* Build configuration list for PBXNativeTarget "TableViewInCellUITests" */;
			buildPhases = (
				B04C5AD3214B503700EE2A5E /* Sources */,
				B04C5AD4214B503700EE2A5E /* Frameworks */,
				B04C5AD5214B503700EE2A5E /* Resources */,
			);
			buildRules = (
			);
			dependencies = (
				B04C5AD9214B503700EE2A5E /* PBXTargetDependency */,
			);
			name = TableViewInCellUITests;
			productName = TableViewInCellUITests;
			productReference = B04C5AD7214B503700EE2A5E /* TableViewInCellUITests.xctest */;
			productType = "com.apple.product-type.bundle.ui-testing";
		};
/* End PBXNativeTarget section */

/* Begin PBXProject section */
		B04C5AAC214B503500EE2A5E /* Project object */ = {
			isa = PBXProject;
			attributes = {
				LastUpgradeCheck = 0930;
				ORGANIZATIONNAME = "云联智慧";
				TargetAttributes = {
					B04C5AB3214B503500EE2A5E = {
						CreatedOnToolsVersion = 9.3.1;
					};
					B04C5ACB214B503700EE2A5E = {
						CreatedOnToolsVersion = 9.3.1;
						TestTargetID = B04C5AB3214B503500EE2A5E;
					};
					B04C5AD6214B503700EE2A5E = {
						CreatedOnToolsVersion = 9.3.1;
						TestTargetID = B04C5AB3214B503500EE2A5E;
					};
				};
			};
			buildConfigurationList = B04C5AAF214B503500EE2A5E /* Build configuration list for PBXProject "TableViewInCell" */;
			compatibilityVersion = "Xcode 9.3";
			developmentRegion = en;
			hasScannedForEncodings = 0;
			knownRegions = (
				en,
				Base,
			);
			mainGroup = B04C5AAB214B503500EE2A5E;
			productRefGroup = B04C5AB5214B503500EE2A5E /* Products */;
			projectDirPath = "";
			projectRoot = "";
			targets = (
				B04C5AB3214B503500EE2A5E /* TableViewInCell */,
				B04C5ACB214B503700EE2A5E /* TableViewInCellTests */,
				B04C5AD6214B503700EE2A5E /* TableViewInCellUITests */,
			);
		};
/* End PBXProject section */

/* Begin PBXResourcesBuildPhase section */
		B04C5AB2214B503500EE2A5E /* Resources */ = {
			isa = PBXResourcesBuildPhase;
			buildActionMask = 2147483647;
			files = (
				B04C5AC4214B503700EE2A5E /* LaunchScreen.storyboard in Resources */,
				B04C5AC1214B503700EE2A5E /* Assets.xcassets in Resources */,
				B04C5ABF214B503500EE2A5E /* Main.storyboard in Resources */,
				B07327A421509A0400D74DFA /* opinionData.json in Resources */,
				B073279C21508E5800D74DFA /* testData.json in Resources */,
			);
			runOnlyForDeploymentPostprocessing = 0;
		};
		B04C5ACA214B503700EE2A5E /* Resources */ = {
			isa = PBXResourcesBuildPhase;
			buildActionMask = 2147483647;
			files = (
			);
			runOnlyForDeploymentPostprocessing = 0;
		};
		B04C5AD5214B503700EE2A5E /* Resources */ = {
			isa = PBXResourcesBuildPhase;
			buildActionMask = 2147483647;
			files = (
			);
			runOnlyForDeploymentPostprocessing = 0;
		};
/* End PBXResourcesBuildPhase section */

/* Begin PBXShellScriptBuildPhase section */
		97CF5A2C067F217E993F9892 /* [CP] Check Pods Manifest.lock */ = {
			isa = PBXShellScriptBuildPhase;
			buildActionMask = 2147483647;
			files = (
			);
			inputPaths = (
				"${PODS_PODFILE_DIR_PATH}/Podfile.lock",
				"${PODS_ROOT}/Manifest.lock",
			);
			name = "[CP] Check Pods Manifest.lock";
			outputPaths = (
				"$(DERIVED_FILE_DIR)/Pods-TableViewInCell-checkManifestLockResult.txt",
			);
			runOnlyForDeploymentPostprocessing = 0;
			shellPath = /bin/sh;
			shellScript = "diff \"${PODS_PODFILE_DIR_PATH}/Podfile.lock\" \"${PODS_ROOT}/Manifest.lock\" > /dev/null\nif [ $? != 0 ] ; then\n    # print error to STDERR\n    echo \"error: The sandbox is not in sync with the Podfile.lock. Run 'pod install' or update your CocoaPods installation.\" >&2\n    exit 1\nfi\n# This output is used by Xcode 'outputs' to avoid re-running this script phase.\necho \"SUCCESS\" > \"${SCRIPT_OUTPUT_FILE_0}\"\n";
			showEnvVarsInLog = 0;
		};
		AD206C6DBF87A179610A023F /* [CP] Copy Pods Resources */ = {
			isa = PBXShellScriptBuildPhase;
			buildActionMask = 2147483647;
			files = (
			);
			inputPaths = (
				"${SRCROOT}/Pods/Target Support Files/Pods-TableViewInCell/Pods-TableViewInCell-resources.sh",
				"${PODS_ROOT}/MJRefresh/MJRefresh/MJRefresh.bundle",
			);
			name = "[CP] Copy Pods Resources";
			outputPaths = (
				"${TARGET_BUILD_DIR}/${UNLOCALIZED_RESOURCES_FOLDER_PATH}/MJRefresh.bundle",
			);
			runOnlyForDeploymentPostprocessing = 0;
			shellPath = /bin/sh;
			shellScript = "\"${SRCROOT}/Pods/Target Support Files/Pods-TableViewInCell/Pods-TableViewInCell-resources.sh\"\n";
			showEnvVarsInLog = 0;
		};
/* End PBXShellScriptBuildPhase section */

/* Begin PBXSourcesBuildPhase section */
		B04C5AB0214B503500EE2A5E /* Sources */ = {
			isa = PBXSourcesBuildPhase;
			buildActionMask = 2147483647;
			files = (
				B04C5ABC214B503500EE2A5E /* ViewController.m in Sources */,
				B0AEE27A238F74CA00160D8E /* InnerTableCanScrollViewController.m in Sources */,
				B0360552214F75960034CC09 /* OpinionCell.m in Sources */,
				B04C5AC7214B503700EE2A5E /* main.m in Sources */,
				B0AEE279238F74CA00160D8E /* InnerTableFixedViewController.m in Sources */,
				B036054C214F72570034CC09 /* CommenModel.m in Sources */,
				B0360549214F4B4A0034CC09 /* PullListTableView.m in Sources */,
				B0AEE274238F743100160D8E /* AnotherMainContentCell.m in Sources */,
				B036054F214F75840034CC09 /* MainContentCell.m in Sources */,
				B0360555214F78510034CC09 /* OpinionModel.m in Sources */,
				B04C5AB9214B503500EE2A5E /* AppDelegate.m in Sources */,
			);
			runOnlyForDeploymentPostprocessing = 0;
		};
		B04C5AC8214B503700EE2A5E /* Sources */ = {
			isa = PBXSourcesBuildPhase;
			buildActionMask = 2147483647;
			files = (
				B04C5AD1214B503700EE2A5E /* TableViewInCellTests.m in Sources */,
			);
			runOnlyForDeploymentPostprocessing = 0;
		};
		B04C5AD3214B503700EE2A5E /* Sources */ = {
			isa = PBXSourcesBuildPhase;
			buildActionMask = 2147483647;
			files = (
				B04C5ADC214B503700EE2A5E /* TableViewInCellUITests.m in Sources */,
			);
			runOnlyForDeploymentPostprocessing = 0;
		};
/* End PBXSourcesBuildPhase section */

/* Begin PBXTargetDependency section */
		B04C5ACE214B503700EE2A5E /* PBXTargetDependency */ = {
			isa = PBXTargetDependency;
			target = B04C5AB3214B503500EE2A5E /* TableViewInCell */;
			targetProxy = B04C5ACD214B503700EE2A5E /* PBXContainerItemProxy */;
		};
		B04C5AD9214B503700EE2A5E /* PBXTargetDependency */ = {
			isa = PBXTargetDependency;
			target = B04C5AB3214B503500EE2A5E /* TableViewInCell */;
			targetProxy = B04C5AD8214B503700EE2A5E /* PBXContainerItemProxy */;
		};
/* End PBXTargetDependency section */

/* Begin PBXVariantGroup section */
		B04C5ABD214B503500EE2A5E /* Main.storyboard */ = {
			isa = PBXVariantGroup;
			children = (
				B04C5ABE214B503500EE2A5E /* Base */,
			);
			name = Main.storyboard;
			sourceTree = "<group>";
		};
		B04C5AC2214B503700EE2A5E /* LaunchScreen.storyboard */ = {
			isa = PBXVariantGroup;
			children = (
				B04C5AC3214B503700EE2A5E /* Base */,
			);
			name = LaunchScreen.storyboard;
			sourceTree = "<group>";
		};
/* End PBXVariantGroup section */

/* Begin XCBuildConfiguration section */
		B04C5ADE214B503700EE2A5E /* Debug */ = {
			isa = XCBuildConfiguration;
			buildSettings = {
				ALWAYS_SEARCH_USER_PATHS = NO;
				CLANG_ANALYZER_NONNULL = YES;
				CLANG_ANALYZER_NUMBER_OBJECT_CONVERSION = YES_AGGRESSIVE;
				CLANG_CXX_LANGUAGE_STANDARD = "gnu++14";
				CLANG_CXX_LIBRARY = "libc++";
				CLANG_ENABLE_MODULES = YES;
				CLANG_ENABLE_OBJC_ARC = YES;
				CLANG_ENABLE_OBJC_WEAK = YES;
				CLANG_WARN_BLOCK_CAPTURE_AUTORELEASING = YES;
				CLANG_WARN_BOOL_CONVERSION = YES;
				CLANG_WARN_COMMA = YES;
				CLANG_WARN_CONSTANT_CONVERSION = YES;
				CLANG_WARN_DEPRECATED_OBJC_IMPLEMENTATIONS = YES;
				CLANG_WARN_DIRECT_OBJC_ISA_USAGE = YES_ERROR;
				CLANG_WARN_DOCUMENTATION_COMMENTS = YES;
				CLANG_WARN_EMPTY_BODY = YES;
				CLANG_WARN_ENUM_CONVERSION = YES;
				CLANG_WARN_INFINITE_RECURSION = YES;
				CLANG_WARN_INT_CONVERSION = YES;
				CLANG_WARN_NON_LITERAL_NULL_CONVERSION = YES;
				CLANG_WARN_OBJC_IMPLICIT_RETAIN_SELF = YES;
				CLANG_WARN_OBJC_LITERAL_CONVERSION = YES;
				CLANG_WARN_OBJC_ROOT_CLASS = YES_ERROR;
				CLANG_WARN_RANGE_LOOP_ANALYSIS = YES;
				CLANG_WARN_STRICT_PROTOTYPES = YES;
				CLANG_WARN_SUSPICIOUS_MOVE = YES;
				CLANG_WARN_UNGUARDED_AVAILABILITY = YES_AGGRESSIVE;
				CLANG_WARN_UNREACHABLE_CODE = YES;
				CLANG_WARN__DUPLICATE_METHOD_MATCH = YES;
				CODE_SIGN_IDENTITY = "iPhone Developer";
				COPY_PHASE_STRIP = NO;
				DEBUG_INFORMATION_FORMAT = dwarf;
				ENABLE_STRICT_OBJC_MSGSEND = YES;
				ENABLE_TESTABILITY = YES;
				GCC_C_LANGUAGE_STANDARD = gnu11;
				GCC_DYNAMIC_NO_PIC = NO;
				GCC_NO_COMMON_BLOCKS = YES;
				GCC_OPTIMIZATION_LEVEL = 0;
				GCC_PREPROCESSOR_DEFINITIONS = (
					"DEBUG=1",
					"$(inherited)",
				);
				GCC_WARN_64_TO_32_BIT_CONVERSION = YES;
				GCC_WARN_ABOUT_RETURN_TYPE = YES_ERROR;
				GCC_WARN_UNDECLARED_SELECTOR = YES;
				GCC_WARN_UNINITIALIZED_AUTOS = YES_AGGRESSIVE;
				GCC_WARN_UNUSED_FUNCTION = YES;
				GCC_WARN_UNUSED_VARIABLE = YES;
				IPHONEOS_DEPLOYMENT_TARGET = 11.3;
				MTL_ENABLE_DEBUG_INFO = YES;
				ONLY_ACTIVE_ARCH = YES;
				SDKROOT = iphoneos;
			};
			name = Debug;
		};
		B04C5ADF214B503700EE2A5E /* Release */ = {
			isa = XCBuildConfiguration;
			buildSettings = {
				ALWAYS_SEARCH_USER_PATHS = NO;
				CLANG_ANALYZER_NONNULL = YES;
				CLANG_ANALYZER_NUMBER_OBJECT_CONVERSION = YES_AGGRESSIVE;
				CLANG_CXX_LANGUAGE_STANDARD = "gnu++14";
				CLANG_CXX_LIBRARY = "libc++";
				CLANG_ENABLE_MODULES = YES;
				CLANG_ENABLE_OBJC_ARC = YES;
				CLANG_ENABLE_OBJC_WEAK = YES;
				CLANG_WARN_BLOCK_CAPTURE_AUTORELEASING = YES;
				CLANG_WARN_BOOL_CONVERSION = YES;
				CLANG_WARN_COMMA = YES;
				CLANG_WARN_CONSTANT_CONVERSION = YES;
				CLANG_WARN_DEPRECATED_OBJC_IMPLEMENTATIONS = YES;
				CLANG_WARN_DIRECT_OBJC_ISA_USAGE = YES_ERROR;
				CLANG_WARN_DOCUMENTATION_COMMENTS = YES;
				CLANG_WARN_EMPTY_BODY = YES;
				CLANG_WARN_ENUM_CONVERSION = YES;
				CLANG_WARN_INFINITE_RECURSION = YES;
				CLANG_WARN_INT_CONVERSION = YES;
				CLANG_WARN_NON_LITERAL_NULL_CONVERSION = YES;
				CLANG_WARN_OBJC_IMPLICIT_RETAIN_SELF = YES;
				CLANG_WARN_OBJC_LITERAL_CONVERSION = YES;
				CLANG_WARN_OBJC_ROOT_CLASS = YES_ERROR;
				CLANG_WARN_RANGE_LOOP_ANALYSIS = YES;
				CLANG_WARN_STRICT_PROTOTYPES = YES;
				CLANG_WARN_SUSPICIOUS_MOVE = YES;
				CLANG_WARN_UNGUARDED_AVAILABILITY = YES_AGGRESSIVE;
				CLANG_WARN_UNREACHABLE_CODE = YES;
				CLANG_WARN__DUPLICATE_METHOD_MATCH = YES;
				CODE_SIGN_IDENTITY = "iPhone Developer";
				COPY_PHASE_STRIP = NO;
				DEBUG_INFORMATION_FORMAT = "dwarf-with-dsym";
				ENABLE_NS_ASSERTIONS = NO;
				ENABLE_STRICT_OBJC_MSGSEND = YES;
				GCC_C_LANGUAGE_STANDARD = gnu11;
				GCC_NO_COMMON_BLOCKS = YES;
				GCC_WARN_64_TO_32_BIT_CONVERSION = YES;
				GCC_WARN_ABOUT_RETURN_TYPE = YES_ERROR;
				GCC_WARN_UNDECLARED_SELECTOR = YES;
				GCC_WARN_UNINITIALIZED_AUTOS = YES_AGGRESSIVE;
				GCC_WARN_UNUSED_FUNCTION = YES;
				GCC_WARN_UNUSED_VARIABLE = YES;
				IPHONEOS_DEPLOYMENT_TARGET = 11.3;
				MTL_ENABLE_DEBUG_INFO = NO;
				SDKROOT = iphoneos;
				VALIDATE_PRODUCT = YES;
			};
			name = Release;
		};
		B04C5AE1214B503700EE2A5E /* Debug */ = {
			isa = XCBuildConfiguration;
			baseConfigurationReference = 5643CC2CB91A45F366702CE0 /* Pods-TableViewInCell.debug.xcconfig */;
			buildSettings = {
				ASSETCATALOG_COMPILER_APPICON_NAME = AppIcon;
				CODE_SIGN_STYLE = Automatic;
				GCC_PRECOMPILE_PREFIX_HEADER = YES;
				GCC_PREFIX_HEADER = "$(SRCROOT)/SupportingFiles/TableViewInCell-PrefixHeader.pch";
				INFOPLIST_FILE = TableViewInCell/Info.plist;
				LD_RUNPATH_SEARCH_PATHS = (
					"$(inherited)",
					"@executable_path/Frameworks",
				);
				PRODUCT_BUNDLE_IDENTIFIER = "com.china-ccw.TableViewInCell";
				PRODUCT_NAME = "$(TARGET_NAME)";
				TARGETED_DEVICE_FAMILY = "1,2";
			};
			name = Debug;
		};
		B04C5AE2214B503700EE2A5E /* Release */ = {
			isa = XCBuildConfiguration;
			baseConfigurationReference = 565D031BF1DE2401D8195FE4 /* Pods-TableViewInCell.release.xcconfig */;
			buildSettings = {
				ASSETCATALOG_COMPILER_APPICON_NAME = AppIcon;
				CODE_SIGN_STYLE = Automatic;
				GCC_PRECOMPILE_PREFIX_HEADER = YES;
				GCC_PREFIX_HEADER = "$(SRCROOT)/SupportingFiles/TableViewInCell-PrefixHeader.pch";
				INFOPLIST_FILE = TableViewInCell/Info.plist;
				LD_RUNPATH_SEARCH_PATHS = (
					"$(inherited)",
					"@executable_path/Frameworks",
				);
				PRODUCT_BUNDLE_IDENTIFIER = "com.china-ccw.TableViewInCell";
				PRODUCT_NAME = "$(TARGET_NAME)";
				TARGETED_DEVICE_FAMILY = "1,2";
			};
			name = Release;
		};
		B04C5AE4214B503700EE2A5E /* Debug */ = {
			isa = XCBuildConfiguration;
			buildSettings = {
				BUNDLE_LOADER = "$(TEST_HOST)";
				CODE_SIGN_STYLE = Automatic;
				INFOPLIST_FILE = TableViewInCellTests/Info.plist;
				LD_RUNPATH_SEARCH_PATHS = (
					"$(inherited)",
					"@executable_path/Frameworks",
					"@loader_path/Frameworks",
				);
				PRODUCT_BUNDLE_IDENTIFIER = "com.china-ccw.TableViewInCellTests";
				PRODUCT_NAME = "$(TARGET_NAME)";
				TARGETED_DEVICE_FAMILY = "1,2";
				TEST_HOST = "$(BUILT_PRODUCTS_DIR)/TableViewInCell.app/TableViewInCell";
			};
			name = Debug;
		};
		B04C5AE5214B503700EE2A5E /* Release */ = {
			isa = XCBuildConfiguration;
			buildSettings = {
				BUNDLE_LOADER = "$(TEST_HOST)";
				CODE_SIGN_STYLE = Automatic;
				INFOPLIST_FILE = TableViewInCellTests/Info.plist;
				LD_RUNPATH_SEARCH_PATHS = (
					"$(inherited)",
					"@executable_path/Frameworks",
					"@loader_path/Frameworks",
				);
				PRODUCT_BUNDLE_IDENTIFIER = "com.china-ccw.TableViewInCellTests";
				PRODUCT_NAME = "$(TARGET_NAME)";
				TARGETED_DEVICE_FAMILY = "1,2";
				TEST_HOST = "$(BUILT_PRODUCTS_DIR)/TableViewInCell.app/TableViewInCell";
			};
			name = Release;
		};
		B04C5AE7214B503700EE2A5E /* Debug */ = {
			isa = XCBuildConfiguration;
			buildSettings = {
				CODE_SIGN_STYLE = Automatic;
				INFOPLIST_FILE = TableViewInCellUITests/Info.plist;
				LD_RUNPATH_SEARCH_PATHS = (
					"$(inherited)",
					"@executable_path/Frameworks",
					"@loader_path/Frameworks",
				);
				PRODUCT_BUNDLE_IDENTIFIER = "com.china-ccw.TableViewInCellUITests";
				PRODUCT_NAME = "$(TARGET_NAME)";
				TARGETED_DEVICE_FAMILY = "1,2";
				TEST_TARGET_NAME = TableViewInCell;
			};
			name = Debug;
		};
		B04C5AE8214B503700EE2A5E /* Release */ = {
			isa = XCBuildConfiguration;
			buildSettings = {
				CODE_SIGN_STYLE = Automatic;
				INFOPLIST_FILE = TableViewInCellUITests/Info.plist;
				LD_RUNPATH_SEARCH_PATHS = (
					"$(inherited)",
					"@executable_path/Frameworks",
					"@loader_path/Frameworks",
				);
				PRODUCT_BUNDLE_IDENTIFIER = "com.china-ccw.TableViewInCellUITests";
				PRODUCT_NAME = "$(TARGET_NAME)";
				TARGETED_DEVICE_FAMILY = "1,2";
				TEST_TARGET_NAME = TableViewInCell;
			};
			name = Release;
		};
/* End XCBuildConfiguration section */

/* Begin XCConfigurationList section */
		B04C5AAF214B503500EE2A5E /* Build configuration list for PBXProject "TableViewInCell" */ = {
			isa = XCConfigurationList;
			buildConfigurations = (
				B04C5ADE214B503700EE2A5E /* Debug */,
				B04C5ADF214B503700EE2A5E /* Release */,
			);
			defaultConfigurationIsVisible = 0;
			defaultConfigurationName = Release;
		};
		B04C5AE0214B503700EE2A5E /* Build configuration list for PBXNativeTarget "TableViewInCell" */ = {
			isa = XCConfigurationList;
			buildConfigurations = (
				B04C5AE1214B503700EE2A5E /* Debug */,
				B04C5AE2214B503700EE2A5E /* Release */,
			);
			defaultConfigurationIsVisible = 0;
			defaultConfigurationName = Release;
		};
		B04C5AE3214B503700EE2A5E /* Build configuration list for PBXNativeTarget "TableViewInCellTests" */ = {
			isa = XCConfigurationList;
			buildConfigurations = (
				B04C5AE4214B503700EE2A5E /* Debug */,
				B04C5AE5214B503700EE2A5E /* Release */,
			);
			defaultConfigurationIsVisible = 0;
			defaultConfigurationName = Release;
		};
		B04C5AE6214B503700EE2A5E /* Build configuration list for PBXNativeTarget "TableViewInCellUITests" */ = {
			isa = XCConfigurationList;
			buildConfigurations = (
				B04C5AE7214B503700EE2A5E /* Debug */,
				B04C5AE8214B503700EE2A5E /* Release */,
			);
			defaultConfigurationIsVisible = 0;
			defaultConfigurationName = Release;
		};
/* End XCConfigurationList section */
	};
	rootObject = B04C5AAC214B503500EE2A5E /* Project object */;
}
